# This file is autogenerated, do not edit; changes may be undone by the next 'dep ensure'.


[[projects]]
  name = "gopkg.in/mcuadros/go-syslog.v2"
  packages = [
    ".",
    "format",
    "internal/syslogparser",
    "internal/syslogparser/rfc3164",
    "internal/syslogparser/rfc5424"
  ]
  revision = "9cf13b7327c0e153da3cba3540c2ae2b879c3859"
  version = "v2.2.1"

[solve-meta]
  analyzer-name = "dep"
  analyzer-version = 1
  inputs-digest = "45c4be1ada74907b059c933e70b7ded7ee22e371cfb75007dcf7e9c8e0dd763b"
  solver-name = "gps-cdcl"
  solver-version = 1
